
Microsoft Visual Studio Solution File, Format Version 11.00
# Visual Studio 2010
Project("{FAE04EC0-301F-11D3-BF4B-00C04F79EFBC}") = "Assembly-CSharp", "Assembly-CSharp.csproj", "{0600e407-3024-4d54-36a9-2b8af82a5710}"
EndProject
Project("{FAE04EC0-301F-11D3-BF4B-00C04F79EFBC}") = "Assembly-CSharp-firstpass", "Assembly-CSharp-firstpass.csproj", "{c6b70cde-c5b6-8794-8208-e062a0e2e2d0}"
EndProject
Project("{FAE04EC0-301F-11D3-BF4B-00C04F79EFBC}") = "Assembly-CSharp-Editor-firstpass", "Assembly-CSharp-Editor-firstpass.csproj", "{721b80a0-5046-0ca3-0141-c4c80fb4a376}"
EndProject
Global
	GlobalSection(SolutionConfigurationPlatforms) = preSolution
		Debug|Any CPU = Debug|Any CPU
	EndGlobalSection
	GlobalSection(ProjectConfigurationPlatforms) = postSolution
		{0600e407-3024-4d54-36a9-2b8af82a5710}.Debug|Any CPU.ActiveCfg = Debug|Any CPU
		{0600e407-3024-4d54-36a9-2b8af82a5710}.Debug|Any CPU.Build.0 = Debug|Any CPU
		{c6b70cde-c5b6-8794-8208-e062a0e2e2d0}.Debug|Any CPU.ActiveCfg = Debug|Any CPU
		{c6b70cde-c5b6-8794-8208-e062a0e2e2d0}.Debug|Any CPU.Build.0 = Debug|Any CPU
		{721b80a0-5046-0ca3-0141-c4c80fb4a376}.Debug|Any CPU.ActiveCfg = Debug|Any CPU
		{721b80a0-5046-0ca3-0141-c4c80fb4a376}.Debug|Any CPU.Build.0 = Debug|Any CPU
	EndGlobalSection
	GlobalSection(SolutionProperties) = preSolution
		HideSolutionNode = FALSE
	EndGlobalSection
EndGlobal
