
Microsoft Visual Studio Solution File, Format Version 12.00
# Visual Studio 15
Project("{FAE04EC0-301F-11D3-BF4B-00C04F79EFBC}") = "Assembly-CSharp", "Assembly-CSharp.csproj", "{4FC0F2EC-DE93-4BC0-27B8-89C4D93500D3}"
EndProject
Project("{FAE04EC0-301F-11D3-BF4B-00C04F79EFBC}") = "Assembly-CSharp-firstpass", "Assembly-CSharp-firstpass.csproj", "{6914D706-E8D0-4204-3D30-9FDEF3DB7616}"
EndProject
Project("{FAE04EC0-301F-11D3-BF4B-00C04F79EFBC}") = "Assembly-CSharp-Editor-firstpass", "Assembly-CSharp-Editor-firstpass.csproj", "{29A22B7F-4ED3-6A46-42D0-56FE066AEB61}"
EndProject
Global
	GlobalSection(SolutionConfigurationPlatforms) = preSolution
		Debug|Any CPU = Debug|Any CPU
		Release|Any CPU = Release|Any CPU
	EndGlobalSection
	GlobalSection(ProjectConfigurationPlatforms) = postSolution
		{4FC0F2EC-DE93-4BC0-27B8-89C4D93500D3}.Debug|Any CPU.ActiveCfg = Debug|Any CPU
		{4FC0F2EC-DE93-4BC0-27B8-89C4D93500D3}.Debug|Any CPU.Build.0 = Debug|Any CPU
		{4FC0F2EC-DE93-4BC0-27B8-89C4D93500D3}.Release|Any CPU.ActiveCfg = Release|Any CPU
		{4FC0F2EC-DE93-4BC0-27B8-89C4D93500D3}.Release|Any CPU.Build.0 = Release|Any CPU
		{6914D706-E8D0-4204-3D30-9FDEF3DB7616}.Debug|Any CPU.ActiveCfg = Debug|Any CPU
		{6914D706-E8D0-4204-3D30-9FDEF3DB7616}.Debug|Any CPU.Build.0 = Debug|Any CPU
		{6914D706-E8D0-4204-3D30-9FDEF3DB7616}.Release|Any CPU.ActiveCfg = Release|Any CPU
		{6914D706-E8D0-4204-3D30-9FDEF3DB7616}.Release|Any CPU.Build.0 = Release|Any CPU
		{29A22B7F-4ED3-6A46-42D0-56FE066AEB61}.Debug|Any CPU.ActiveCfg = Debug|Any CPU
		{29A22B7F-4ED3-6A46-42D0-56FE066AEB61}.Debug|Any CPU.Build.0 = Debug|Any CPU
		{29A22B7F-4ED3-6A46-42D0-56FE066AEB61}.Release|Any CPU.ActiveCfg = Release|Any CPU
		{29A22B7F-4ED3-6A46-42D0-56FE066AEB61}.Release|Any CPU.Build.0 = Release|Any CPU
	EndGlobalSection
	GlobalSection(SolutionProperties) = preSolution
		HideSolutionNode = FALSE
	EndGlobalSection
EndGlobal
